
Microsoft Visual Studio Solution File, Format Version 12.00
# Visual Studio 15
VisualStudioVersion = 15.0.26124.0
MinimumVisualStudioVersion = 15.0.26124.0
Project("{FAE04EC0-301F-11D3-BF4B-00C04F79EFBC}") = "BuyMore.Dom", "BuyMore.Dom\BuyMore.Dom.csproj", "{3971E858-A5C0-468C-8A2A-85B6240F706E}"
EndProject
Project("{FAE04EC0-301F-11D3-BF4B-00C04F79EFBC}") = "BuyMore.Repo", "BuyMore.Repo\BuyMore.Repo.csproj", "{5555BFBE-4920-4B8A-A8EE-51CF582E0E63}"
EndProject
Project("{FAE04EC0-301F-11D3-BF4B-00C04F79EFBC}") = "BuyMore.Api", "BuyMore.Api\BuyMore.Api.csproj", "{D7ACC0B8-1996-4160-9AAB-2DDA02C93232}"
EndProject
Global
	GlobalSection(SolutionConfigurationPlatforms) = preSolution
		Debug|Any CPU = Debug|Any CPU
		Debug|x64 = Debug|x64
		Debug|x86 = Debug|x86
		Release|Any CPU = Release|Any CPU
		Release|x64 = Release|x64
		Release|x86 = Release|x86
	EndGlobalSection
	GlobalSection(SolutionProperties) = preSolution
		HideSolutionNode = FALSE
	EndGlobalSection
	GlobalSection(ProjectConfigurationPlatforms) = postSolution
		{3971E858-A5C0-468C-8A2A-85B6240F706E}.Debug|Any CPU.ActiveCfg = Debug|Any CPU
		{3971E858-A5C0-468C-8A2A-85B6240F706E}.Debug|Any CPU.Build.0 = Debug|Any CPU
		{3971E858-A5C0-468C-8A2A-85B6240F706E}.Debug|x64.ActiveCfg = Debug|Any CPU
		{3971E858-A5C0-468C-8A2A-85B6240F706E}.Debug|x64.Build.0 = Debug|Any CPU
		{3971E858-A5C0-468C-8A2A-85B6240F706E}.Debug|x86.ActiveCfg = Debug|Any CPU
		{3971E858-A5C0-468C-8A2A-85B6240F706E}.Debug|x86.Build.0 = Debug|Any CPU
		{3971E858-A5C0-468C-8A2A-85B6240F706E}.Release|Any CPU.ActiveCfg = Release|Any CPU
		{3971E858-A5C0-468C-8A2A-85B6240F706E}.Release|Any CPU.Build.0 = Release|Any CPU
		{3971E858-A5C0-468C-8A2A-85B6240F706E}.Release|x64.ActiveCfg = Release|Any CPU
		{3971E858-A5C0-468C-8A2A-85B6240F706E}.Release|x64.Build.0 = Release|Any CPU
		{3971E858-A5C0-468C-8A2A-85B6240F706E}.Release|x86.ActiveCfg = Release|Any CPU
		{3971E858-A5C0-468C-8A2A-85B6240F706E}.Release|x86.Build.0 = Release|Any CPU
		{5555BFBE-4920-4B8A-A8EE-51CF582E0E63}.Debug|Any CPU.ActiveCfg = Debug|Any CPU
		{5555BFBE-4920-4B8A-A8EE-51CF582E0E63}.Debug|Any CPU.Build.0 = Debug|Any CPU
		{5555BFBE-4920-4B8A-A8EE-51CF582E0E63}.Debug|x64.ActiveCfg = Debug|Any CPU
		{5555BFBE-4920-4B8A-A8EE-51CF582E0E63}.Debug|x64.Build.0 = Debug|Any CPU
		{5555BFBE-4920-4B8A-A8EE-51CF582E0E63}.Debug|x86.ActiveCfg = Debug|Any CPU
		{5555BFBE-4920-4B8A-A8EE-51CF582E0E63}.Debug|x86.Build.0 = Debug|Any CPU
		{5555BFBE-4920-4B8A-A8EE-51CF582E0E63}.Release|Any CPU.ActiveCfg = Release|Any CPU
		{5555BFBE-4920-4B8A-A8EE-51CF582E0E63}.Release|Any CPU.Build.0 = Release|Any CPU
		{5555BFBE-4920-4B8A-A8EE-51CF582E0E63}.Release|x64.ActiveCfg = Release|Any CPU
		{5555BFBE-4920-4B8A-A8EE-51CF582E0E63}.Release|x64.Build.0 = Release|Any CPU
		{5555BFBE-4920-4B8A-A8EE-51CF582E0E63}.Release|x86.ActiveCfg = Release|Any CPU
		{5555BFBE-4920-4B8A-A8EE-51CF582E0E63}.Release|x86.Build.0 = Release|Any CPU
		{D7ACC0B8-1996-4160-9AAB-2DDA02C93232}.Debug|Any CPU.ActiveCfg = Debug|Any CPU
		{D7ACC0B8-1996-4160-9AAB-2DDA02C93232}.Debug|Any CPU.Build.0 = Debug|Any CPU
		{D7ACC0B8-1996-4160-9AAB-2DDA02C93232}.Debug|x64.ActiveCfg = Debug|Any CPU
		{D7ACC0B8-1996-4160-9AAB-2DDA02C93232}.Debug|x64.Build.0 = Debug|Any CPU
		{D7ACC0B8-1996-4160-9AAB-2DDA02C93232}.Debug|x86.ActiveCfg = Debug|Any CPU
		{D7ACC0B8-1996-4160-9AAB-2DDA02C93232}.Debug|x86.Build.0 = Debug|Any CPU
		{D7ACC0B8-1996-4160-9AAB-2DDA02C93232}.Release|Any CPU.ActiveCfg = Release|Any CPU
		{D7ACC0B8-1996-4160-9AAB-2DDA02C93232}.Release|Any CPU.Build.0 = Release|Any CPU
		{D7ACC0B8-1996-4160-9AAB-2DDA02C93232}.Release|x64.ActiveCfg = Release|Any CPU
		{D7ACC0B8-1996-4160-9AAB-2DDA02C93232}.Release|x64.Build.0 = Release|Any CPU
		{D7ACC0B8-1996-4160-9AAB-2DDA02C93232}.Release|x86.ActiveCfg = Release|Any CPU
		{D7ACC0B8-1996-4160-9AAB-2DDA02C93232}.Release|x86.Build.0 = Release|Any CPU
	EndGlobalSection
EndGlobal
